
Microsoft Visual Studio Solution File, Format Version 12.00
# Visual Studio Version 17
VisualStudioVersion = 17.14.36518.9
MinimumVisualStudioVersion = 10.0.40219.1
Project("{2150E333-8FDC-42A3-9474-1A3956D46DE8}") = "Task0", "Task0", "{02EA681E-C7D8-13C7-8484-4AC65E1B71E8}"
EndProject
Project("{FAE04EC0-301F-11D3-BF4B-00C04F79EFBC}") = "Tyuiu.KilikaevRV.Sprint2.Task0.V8.Lib", "Tyuiu.KilikaevRV.Sprint2.Task0.V8.Lib\Tyuiu.KilikaevRV.Sprint2.Task0.V8.Lib.csproj", "{75DD0486-2CA4-41C3-BF57-91E6DF6EF403}"
EndProject
Project("{FAE04EC0-301F-11D3-BF4B-00C04F79EFBC}") = "Tyuiu.KilikaevRV.Sprint2.Task0.V8.Test", "Tyuiu.KilikaevRV.Sprint2.Task0.V8.Test\Tyuiu.KilikaevRV.Sprint2.Task0.V8.Test.csproj", "{EB4BBA80-718D-4F6E-A83F-9E93616DF601}"
EndProject
Project("{FAE04EC0-301F-11D3-BF4B-00C04F79EFBC}") = "Tyuiu.KilikaevRV.Sprint2.Task0.V8", "Tyuiu.KilikaevRV.Sprint2.Task0.V8\Tyuiu.KilikaevRV.Sprint2.Task0.V8.csproj", "{D94DCCF8-0954-4DF3-892A-83DED75C55DB}"
EndProject
Project("{2150E333-8FDC-42A3-9474-1A3956D46DE8}") = "Task1", "Task1", "{D9DADCD1-1A36-41B4-875B-CE547FB7903A}"
EndProject
Project("{FAE04EC0-301F-11D3-BF4B-00C04F79EFBC}") = "Tyuiu.KilikaevRV.Sprint2.Task1.V4", "Tyuiu.KilikaevRV.Sprint2.Task1.V4\Tyuiu.KilikaevRV.Sprint2.Task1.V4.csproj", "{F998DF12-389A-4587-8525-6D6B27B1CEB3}"
EndProject
Project("{FAE04EC0-301F-11D3-BF4B-00C04F79EFBC}") = "Tyuiu.KilikaevRV.Sprint2.Task1.V4.Test", "Tyuiu.KilikaevRV.Sprint2.Task1.V4.Test\Tyuiu.KilikaevRV.Sprint2.Task1.V4.Test.csproj", "{AEFA723B-BA52-4927-AF87-7D46C8629E06}"
EndProject
Project("{FAE04EC0-301F-11D3-BF4B-00C04F79EFBC}") = "Tyuiu.KilikaevRV.Sprint2.Task1.V4.Lib", "Tyuiu.KilikaevRV.Sprint2.Task1.V4.Lib\Tyuiu.KilikaevRV.Sprint2.Task1.V4.Lib.csproj", "{E7DB7624-F78C-49D3-A764-C3A65B74FC48}"
EndProject
Global
	GlobalSection(SolutionConfigurationPlatforms) = preSolution
		Debug|Any CPU = Debug|Any CPU
		Release|Any CPU = Release|Any CPU
	EndGlobalSection
	GlobalSection(ProjectConfigurationPlatforms) = postSolution
		{75DD0486-2CA4-41C3-BF57-91E6DF6EF403}.Debug|Any CPU.ActiveCfg = Debug|Any CPU
		{75DD0486-2CA4-41C3-BF57-91E6DF6EF403}.Debug|Any CPU.Build.0 = Debug|Any CPU
		{75DD0486-2CA4-41C3-BF57-91E6DF6EF403}.Release|Any CPU.ActiveCfg = Release|Any CPU
		{75DD0486-2CA4-41C3-BF57-91E6DF6EF403}.Release|Any CPU.Build.0 = Release|Any CPU
		{EB4BBA80-718D-4F6E-A83F-9E93616DF601}.Debug|Any CPU.ActiveCfg = Debug|Any CPU
		{EB4BBA80-718D-4F6E-A83F-9E93616DF601}.Debug|Any CPU.Build.0 = Debug|Any CPU
		{EB4BBA80-718D-4F6E-A83F-9E93616DF601}.Release|Any CPU.ActiveCfg = Release|Any CPU
		{EB4BBA80-718D-4F6E-A83F-9E93616DF601}.Release|Any CPU.Build.0 = Release|Any CPU
		{D94DCCF8-0954-4DF3-892A-83DED75C55DB}.Debug|Any CPU.ActiveCfg = Debug|Any CPU
		{D94DCCF8-0954-4DF3-892A-83DED75C55DB}.Debug|Any CPU.Build.0 = Debug|Any CPU
		{D94DCCF8-0954-4DF3-892A-83DED75C55DB}.Release|Any CPU.ActiveCfg = Release|Any CPU
		{D94DCCF8-0954-4DF3-892A-83DED75C55DB}.Release|Any CPU.Build.0 = Release|Any CPU
		{F998DF12-389A-4587-8525-6D6B27B1CEB3}.Debug|Any CPU.ActiveCfg = Debug|Any CPU
		{F998DF12-389A-4587-8525-6D6B27B1CEB3}.Debug|Any CPU.Build.0 = Debug|Any CPU
		{F998DF12-389A-4587-8525-6D6B27B1CEB3}.Release|Any CPU.ActiveCfg = Release|Any CPU
		{F998DF12-389A-4587-8525-6D6B27B1CEB3}.Release|Any CPU.Build.0 = Release|Any CPU
		{AEFA723B-BA52-4927-AF87-7D46C8629E06}.Debug|Any CPU.ActiveCfg = Debug|Any CPU
		{AEFA723B-BA52-4927-AF87-7D46C8629E06}.Debug|Any CPU.Build.0 = Debug|Any CPU
		{AEFA723B-BA52-4927-AF87-7D46C8629E06}.Release|Any CPU.ActiveCfg = Release|Any CPU
		{AEFA723B-BA52-4927-AF87-7D46C8629E06}.Release|Any CPU.Build.0 = Release|Any CPU
		{E7DB7624-F78C-49D3-A764-C3A65B74FC48}.Debug|Any CPU.ActiveCfg = Debug|Any CPU
		{E7DB7624-F78C-49D3-A764-C3A65B74FC48}.Debug|Any CPU.Build.0 = Debug|Any CPU
		{E7DB7624-F78C-49D3-A764-C3A65B74FC48}.Release|Any CPU.ActiveCfg = Release|Any CPU
		{E7DB7624-F78C-49D3-A764-C3A65B74FC48}.Release|Any CPU.Build.0 = Release|Any CPU
	EndGlobalSection
	GlobalSection(SolutionProperties) = preSolution
		HideSolutionNode = FALSE
	EndGlobalSection
	GlobalSection(NestedProjects) = preSolution
		{75DD0486-2CA4-41C3-BF57-91E6DF6EF403} = {02EA681E-C7D8-13C7-8484-4AC65E1B71E8}
		{EB4BBA80-718D-4F6E-A83F-9E93616DF601} = {02EA681E-C7D8-13C7-8484-4AC65E1B71E8}
		{D94DCCF8-0954-4DF3-892A-83DED75C55DB} = {02EA681E-C7D8-13C7-8484-4AC65E1B71E8}
		{F998DF12-389A-4587-8525-6D6B27B1CEB3} = {D9DADCD1-1A36-41B4-875B-CE547FB7903A}
		{AEFA723B-BA52-4927-AF87-7D46C8629E06} = {D9DADCD1-1A36-41B4-875B-CE547FB7903A}
		{E7DB7624-F78C-49D3-A764-C3A65B74FC48} = {D9DADCD1-1A36-41B4-875B-CE547FB7903A}
	EndGlobalSection
	GlobalSection(ExtensibilityGlobals) = postSolution
		SolutionGuid = {A5D38488-A5CC-4969-AD89-F9FC618E7D2B}
	EndGlobalSection
EndGlobal
