
Microsoft Visual Studio Solution File, Format Version 12.00
# Visual Studio Version 17
VisualStudioVersion = 17.14.36518.9
MinimumVisualStudioVersion = 10.0.40219.1
Project("{2150E333-8FDC-42A3-9474-1A3956D46DE8}") = "Task0", "Task0", "{02EA681E-C7D8-13C7-8484-4AC65E1B71E8}"
EndProject
Project("{FAE04EC0-301F-11D3-BF4B-00C04F79EFBC}") = "Tyuiu.KilikaevRV.Sprint2.Task0.V8.Lib", "Tyuiu.KilikaevRV.Sprint2.Task0.V8.Lib\Tyuiu.KilikaevRV.Sprint2.Task0.V8.Lib.csproj", "{75DD0486-2CA4-41C3-BF57-91E6DF6EF403}"
EndProject
Project("{FAE04EC0-301F-11D3-BF4B-00C04F79EFBC}") = "Tyuiu.KilikaevRV.Sprint2.Task0.V8.Test", "Tyuiu.KilikaevRV.Sprint2.Task0.V8.Test\Tyuiu.KilikaevRV.Sprint2.Task0.V8.Test.csproj", "{EB4BBA80-718D-4F6E-A83F-9E93616DF601}"
EndProject
Project("{FAE04EC0-301F-11D3-BF4B-00C04F79EFBC}") = "Tyuiu.KilikaevRV.Sprint2.Task0.V8", "Tyuiu.KilikaevRV.Sprint2.Task0.V8\Tyuiu.KilikaevRV.Sprint2.Task0.V8.csproj", "{D94DCCF8-0954-4DF3-892A-83DED75C55DB}"
EndProject
Project("{2150E333-8FDC-42A3-9474-1A3956D46DE8}") = "Task1", "Task1", "{D9DADCD1-1A36-41B4-875B-CE547FB7903A}"
EndProject
Project("{FAE04EC0-301F-11D3-BF4B-00C04F79EFBC}") = "Tyuiu.KilikaevRV.Sprint2.Task1.V4", "Tyuiu.KilikaevRV.Sprint2.Task1.V4\Tyuiu.KilikaevRV.Sprint2.Task1.V4.csproj", "{F998DF12-389A-4587-8525-6D6B27B1CEB3}"
EndProject
Project("{FAE04EC0-301F-11D3-BF4B-00C04F79EFBC}") = "Tyuiu.KilikaevRV.Sprint2.Task1.V4.Test", "Tyuiu.KilikaevRV.Sprint2.Task1.V4.Test\Tyuiu.KilikaevRV.Sprint2.Task1.V4.Test.csproj", "{AEFA723B-BA52-4927-AF87-7D46C8629E06}"
EndProject
Project("{FAE04EC0-301F-11D3-BF4B-00C04F79EFBC}") = "Tyuiu.KilikaevRV.Sprint2.Task1.V4.Lib", "Tyuiu.KilikaevRV.Sprint2.Task1.V4.Lib\Tyuiu.KilikaevRV.Sprint2.Task1.V4.Lib.csproj", "{E7DB7624-F78C-49D3-A764-C3A65B74FC48}"
EndProject
Project("{2150E333-8FDC-42A3-9474-1A3956D46DE8}") = "Task2", "Task2", "{6F253C61-78E8-49A0-A101-CDE8C1C4D40C}"
EndProject
Project("{FAE04EC0-301F-11D3-BF4B-00C04F79EFBC}") = "Tyuiu.KilikaevRV.Sprint2.Task2.V2.Lib", "Tyuiu.KilikaevRV.Sprint2.Task2.V2.Lib\Tyuiu.KilikaevRV.Sprint2.Task2.V2.Lib.csproj", "{E0B08ED6-1AE2-42F1-BBA7-5F7578572A7F}"
EndProject
Project("{FAE04EC0-301F-11D3-BF4B-00C04F79EFBC}") = "Tyuiu.KilikaevRV.Sprint2.Task2.V2.Test", "Tyuiu.KilikaevRV.Sprint2.Task2.V2.Test\Tyuiu.KilikaevRV.Sprint2.Task2.V2.Test.csproj", "{557FA53A-7BC8-402F-BAC6-A94A0AD6DFD5}"
EndProject
Project("{FAE04EC0-301F-11D3-BF4B-00C04F79EFBC}") = "Tyuiu.KilikaevRV.Sprint2.Task2.V2", "Tyuiu.KilikaevRV.Sprint2.Task2.V2\Tyuiu.KilikaevRV.Sprint2.Task2.V2.csproj", "{E7504729-F6F7-487F-B0FC-8890C1E5531F}"
EndProject
Project("{2150E333-8FDC-42A3-9474-1A3956D46DE8}") = "Task3", "Task3", "{0837A8A9-A10D-4652-9DCC-A7A70D32BCB6}"
EndProject
Project("{FAE04EC0-301F-11D3-BF4B-00C04F79EFBC}") = "Tyuiu.KilikaevRV.Sprint2.Task3.V8", "Tyuiu.KilikaevRV.Sprint2.Task3.V8\Tyuiu.KilikaevRV.Sprint2.Task3.V8.csproj", "{E013897E-0400-4EDB-B39F-D78092265E17}"
EndProject
Project("{FAE04EC0-301F-11D3-BF4B-00C04F79EFBC}") = "Tyuiu.KilikaevRV.Sprint2.Task3.V8.Test", "Tyuiu.KilikaevRV.Sprint2.Task3.V8.Test\Tyuiu.KilikaevRV.Sprint2.Task3.V8.Test.csproj", "{59D68A41-7BE6-4490-BD1B-C9A60F17E208}"
EndProject
Project("{FAE04EC0-301F-11D3-BF4B-00C04F79EFBC}") = "Tyuiu.KilikaevRV.Sprint2.Task3.V8.Lib", "Tyuiu.KilikaevRV.Sprint2.Task3.V8.Lib\Tyuiu.KilikaevRV.Sprint2.Task3.V8.Lib.csproj", "{974FE929-3C8A-465B-8A16-9414A8B9BB8B}"
EndProject
Project("{2150E333-8FDC-42A3-9474-1A3956D46DE8}") = "Task4", "Task4", "{B91BAAC6-7E57-4951-8CC3-20E02959BD19}"
EndProject
Project("{FAE04EC0-301F-11D3-BF4B-00C04F79EFBC}") = "Tyuiu.KilikaevRV.Sprint2.Task4.V23.Lib", "Tyuiu.KilikaevRV.Sprint2.Task4.V23.Lib\Tyuiu.KilikaevRV.Sprint2.Task4.V23.Lib.csproj", "{83EA2252-CA30-48D3-B5EB-A61E2FD33B0D}"
EndProject
Project("{FAE04EC0-301F-11D3-BF4B-00C04F79EFBC}") = "Tyuiu.KilikaevRV.Sprint2.Task4.V23.Test", "Tyuiu.KilikaevRV.Sprint2.Task4.V23.Test\Tyuiu.KilikaevRV.Sprint2.Task4.V23.Test.csproj", "{C067212B-8330-4934-88AE-EFA5999077ED}"
EndProject
Project("{FAE04EC0-301F-11D3-BF4B-00C04F79EFBC}") = "Tyuiu.KilikaevRV.Sprint2.Task4.V23", "Tyuiu.KilikaevRV.Sprint2.Task4.V23\Tyuiu.KilikaevRV.Sprint2.Task4.V23.csproj", "{7548ED3B-0F99-4294-9B6F-B961BA8FBE9A}"
EndProject
Project("{2150E333-8FDC-42A3-9474-1A3956D46DE8}") = "Task5", "Task5", "{9D8ED924-5ABD-4771-8D7C-CB5ED1547EB2}"
EndProject
Project("{FAE04EC0-301F-11D3-BF4B-00C04F79EFBC}") = "Tyuiu.KilikaevRV.Sprint2.Task5.V6", "Tyuiu.KilikaevRV.Sprint2.Task5.V6\Tyuiu.KilikaevRV.Sprint2.Task5.V6.csproj", "{850ADE27-9F95-42D4-B827-CD68C07241DE}"
EndProject
Project("{FAE04EC0-301F-11D3-BF4B-00C04F79EFBC}") = "Tyuiu.KilikaevRV.Sprint2.Task5.V6.Test", "Tyuiu.KilikaevRV.Sprint2.Task5.V6.Test\Tyuiu.KilikaevRV.Sprint2.Task5.V6.Test.csproj", "{1674DD0E-F567-495C-8B5D-141472B59BD9}"
EndProject
Project("{FAE04EC0-301F-11D3-BF4B-00C04F79EFBC}") = "Tyuiu.KilikaevRV.Sprint2.Task5.V6.Lib", "Tyuiu.KilikaevRV.Sprint2.Task5.V6.Lib\Tyuiu.KilikaevRV.Sprint2.Task5.V6.Lib.csproj", "{6F1331A5-A245-4910-BBBF-011B0BB8B7C6}"
EndProject
Project("{2150E333-8FDC-42A3-9474-1A3956D46DE8}") = "Task6", "Task6", "{8A3DE618-A184-4270-90E6-05CA87E8763F}"
EndProject
Project("{FAE04EC0-301F-11D3-BF4B-00C04F79EFBC}") = "Tyuiu.KilikaevRV.Sprint2.Task6.V6.Lib", "Tyuiu.KilikaevRV.Sprint2.Task6.V6.Lib\Tyuiu.KilikaevRV.Sprint2.Task6.V6.Lib.csproj", "{1413F7EE-A79E-4F89-AA40-8337757FAFD8}"
EndProject
Project("{FAE04EC0-301F-11D3-BF4B-00C04F79EFBC}") = "Tyuiu.KilikaevRV.Sprint2.Task6.V6.Test", "Tyuiu.KilikaevRV.Sprint2.Task6.V6.Test\Tyuiu.KilikaevRV.Sprint2.Task6.V6.Test.csproj", "{713C51F8-AB08-4E43-B3D1-1CCAD2E10799}"
EndProject
Project("{FAE04EC0-301F-11D3-BF4B-00C04F79EFBC}") = "Tyuiu.KilikaevRV.Sprint2.Task6.V6", "Tyuiu.KilikaevRV.Sprint2.Task6.V6\Tyuiu.KilikaevRV.Sprint2.Task6.V6.csproj", "{4575F942-2695-4372-BA18-73B931289F85}"
EndProject
Project("{2150E333-8FDC-42A3-9474-1A3956D46DE8}") = "Task7", "Task7", "{19A5E399-211F-4D9C-9E2D-F6E61941A9DD}"
EndProject
Project("{FAE04EC0-301F-11D3-BF4B-00C04F79EFBC}") = "Tyuiu.KilikaevRV.Sprint2.Task7.V7", "Tyuiu.KilikaevRV.Sprint2.Task7.V7\Tyuiu.KilikaevRV.Sprint2.Task7.V7.csproj", "{D2A3E49D-C5B9-4499-8292-53706A9A9F08}"
EndProject
Project("{FAE04EC0-301F-11D3-BF4B-00C04F79EFBC}") = "Tyuiu.KilikaevRV.Sprint2.Task7.V7.Test", "Tyuiu.KilikaevRV.Sprint2.Task7.V7.Test\Tyuiu.KilikaevRV.Sprint2.Task7.V7.Test.csproj", "{0F4F08AB-5214-4AEC-80D1-5EB78D69CC48}"
EndProject
Project("{FAE04EC0-301F-11D3-BF4B-00C04F79EFBC}") = "Tyuiu.KilikaevRV.Sprint2.Task7.V7.Lib", "Tyuiu.KilikaevRV.Sprint2.Task7.V7.Lib\Tyuiu.KilikaevRV.Sprint2.Task7.V7.Lib.csproj", "{053076D1-B712-409D-8747-FD8467DD2413}"
EndProject
Global
	GlobalSection(SolutionConfigurationPlatforms) = preSolution
		Debug|Any CPU = Debug|Any CPU
		Release|Any CPU = Release|Any CPU
	EndGlobalSection
	GlobalSection(ProjectConfigurationPlatforms) = postSolution
		{75DD0486-2CA4-41C3-BF57-91E6DF6EF403}.Debug|Any CPU.ActiveCfg = Debug|Any CPU
		{75DD0486-2CA4-41C3-BF57-91E6DF6EF403}.Debug|Any CPU.Build.0 = Debug|Any CPU
		{75DD0486-2CA4-41C3-BF57-91E6DF6EF403}.Release|Any CPU.ActiveCfg = Release|Any CPU
		{75DD0486-2CA4-41C3-BF57-91E6DF6EF403}.Release|Any CPU.Build.0 = Release|Any CPU
		{EB4BBA80-718D-4F6E-A83F-9E93616DF601}.Debug|Any CPU.ActiveCfg = Debug|Any CPU
		{EB4BBA80-718D-4F6E-A83F-9E93616DF601}.Debug|Any CPU.Build.0 = Debug|Any CPU
		{EB4BBA80-718D-4F6E-A83F-9E93616DF601}.Release|Any CPU.ActiveCfg = Release|Any CPU
		{EB4BBA80-718D-4F6E-A83F-9E93616DF601}.Release|Any CPU.Build.0 = Release|Any CPU
		{D94DCCF8-0954-4DF3-892A-83DED75C55DB}.Debug|Any CPU.ActiveCfg = Debug|Any CPU
		{D94DCCF8-0954-4DF3-892A-83DED75C55DB}.Debug|Any CPU.Build.0 = Debug|Any CPU
		{D94DCCF8-0954-4DF3-892A-83DED75C55DB}.Release|Any CPU.ActiveCfg = Release|Any CPU
		{D94DCCF8-0954-4DF3-892A-83DED75C55DB}.Release|Any CPU.Build.0 = Release|Any CPU
		{F998DF12-389A-4587-8525-6D6B27B1CEB3}.Debug|Any CPU.ActiveCfg = Debug|Any CPU
		{F998DF12-389A-4587-8525-6D6B27B1CEB3}.Debug|Any CPU.Build.0 = Debug|Any CPU
		{F998DF12-389A-4587-8525-6D6B27B1CEB3}.Release|Any CPU.ActiveCfg = Release|Any CPU
		{F998DF12-389A-4587-8525-6D6B27B1CEB3}.Release|Any CPU.Build.0 = Release|Any CPU
		{AEFA723B-BA52-4927-AF87-7D46C8629E06}.Debug|Any CPU.ActiveCfg = Debug|Any CPU
		{AEFA723B-BA52-4927-AF87-7D46C8629E06}.Debug|Any CPU.Build.0 = Debug|Any CPU
		{AEFA723B-BA52-4927-AF87-7D46C8629E06}.Release|Any CPU.ActiveCfg = Release|Any CPU
		{AEFA723B-BA52-4927-AF87-7D46C8629E06}.Release|Any CPU.Build.0 = Release|Any CPU
		{E7DB7624-F78C-49D3-A764-C3A65B74FC48}.Debug|Any CPU.ActiveCfg = Debug|Any CPU
		{E7DB7624-F78C-49D3-A764-C3A65B74FC48}.Debug|Any CPU.Build.0 = Debug|Any CPU
		{E7DB7624-F78C-49D3-A764-C3A65B74FC48}.Release|Any CPU.ActiveCfg = Release|Any CPU
		{E7DB7624-F78C-49D3-A764-C3A65B74FC48}.Release|Any CPU.Build.0 = Release|Any CPU
		{E0B08ED6-1AE2-42F1-BBA7-5F7578572A7F}.Debug|Any CPU.ActiveCfg = Debug|Any CPU
		{E0B08ED6-1AE2-42F1-BBA7-5F7578572A7F}.Debug|Any CPU.Build.0 = Debug|Any CPU
		{E0B08ED6-1AE2-42F1-BBA7-5F7578572A7F}.Release|Any CPU.ActiveCfg = Release|Any CPU
		{E0B08ED6-1AE2-42F1-BBA7-5F7578572A7F}.Release|Any CPU.Build.0 = Release|Any CPU
		{557FA53A-7BC8-402F-BAC6-A94A0AD6DFD5}.Debug|Any CPU.ActiveCfg = Debug|Any CPU
		{557FA53A-7BC8-402F-BAC6-A94A0AD6DFD5}.Debug|Any CPU.Build.0 = Debug|Any CPU
		{557FA53A-7BC8-402F-BAC6-A94A0AD6DFD5}.Release|Any CPU.ActiveCfg = Release|Any CPU
		{557FA53A-7BC8-402F-BAC6-A94A0AD6DFD5}.Release|Any CPU.Build.0 = Release|Any CPU
		{E7504729-F6F7-487F-B0FC-8890C1E5531F}.Debug|Any CPU.ActiveCfg = Debug|Any CPU
		{E7504729-F6F7-487F-B0FC-8890C1E5531F}.Debug|Any CPU.Build.0 = Debug|Any CPU
		{E7504729-F6F7-487F-B0FC-8890C1E5531F}.Release|Any CPU.ActiveCfg = Release|Any CPU
		{E7504729-F6F7-487F-B0FC-8890C1E5531F}.Release|Any CPU.Build.0 = Release|Any CPU
		{E013897E-0400-4EDB-B39F-D78092265E17}.Debug|Any CPU.ActiveCfg = Debug|Any CPU
		{E013897E-0400-4EDB-B39F-D78092265E17}.Debug|Any CPU.Build.0 = Debug|Any CPU
		{E013897E-0400-4EDB-B39F-D78092265E17}.Release|Any CPU.ActiveCfg = Release|Any CPU
		{E013897E-0400-4EDB-B39F-D78092265E17}.Release|Any CPU.Build.0 = Release|Any CPU
		{59D68A41-7BE6-4490-BD1B-C9A60F17E208}.Debug|Any CPU.ActiveCfg = Debug|Any CPU
		{59D68A41-7BE6-4490-BD1B-C9A60F17E208}.Debug|Any CPU.Build.0 = Debug|Any CPU
		{59D68A41-7BE6-4490-BD1B-C9A60F17E208}.Release|Any CPU.ActiveCfg = Release|Any CPU
		{59D68A41-7BE6-4490-BD1B-C9A60F17E208}.Release|Any CPU.Build.0 = Release|Any CPU
		{974FE929-3C8A-465B-8A16-9414A8B9BB8B}.Debug|Any CPU.ActiveCfg = Debug|Any CPU
		{974FE929-3C8A-465B-8A16-9414A8B9BB8B}.Debug|Any CPU.Build.0 = Debug|Any CPU
		{974FE929-3C8A-465B-8A16-9414A8B9BB8B}.Release|Any CPU.ActiveCfg = Release|Any CPU
		{974FE929-3C8A-465B-8A16-9414A8B9BB8B}.Release|Any CPU.Build.0 = Release|Any CPU
		{83EA2252-CA30-48D3-B5EB-A61E2FD33B0D}.Debug|Any CPU.ActiveCfg = Debug|Any CPU
		{83EA2252-CA30-48D3-B5EB-A61E2FD33B0D}.Debug|Any CPU.Build.0 = Debug|Any CPU
		{83EA2252-CA30-48D3-B5EB-A61E2FD33B0D}.Release|Any CPU.ActiveCfg = Release|Any CPU
		{83EA2252-CA30-48D3-B5EB-A61E2FD33B0D}.Release|Any CPU.Build.0 = Release|Any CPU
		{C067212B-8330-4934-88AE-EFA5999077ED}.Debug|Any CPU.ActiveCfg = Debug|Any CPU
		{C067212B-8330-4934-88AE-EFA5999077ED}.Debug|Any CPU.Build.0 = Debug|Any CPU
		{C067212B-8330-4934-88AE-EFA5999077ED}.Release|Any CPU.ActiveCfg = Release|Any CPU
		{C067212B-8330-4934-88AE-EFA5999077ED}.Release|Any CPU.Build.0 = Release|Any CPU
		{7548ED3B-0F99-4294-9B6F-B961BA8FBE9A}.Debug|Any CPU.ActiveCfg = Debug|Any CPU
		{7548ED3B-0F99-4294-9B6F-B961BA8FBE9A}.Debug|Any CPU.Build.0 = Debug|Any CPU
		{7548ED3B-0F99-4294-9B6F-B961BA8FBE9A}.Release|Any CPU.ActiveCfg = Release|Any CPU
		{7548ED3B-0F99-4294-9B6F-B961BA8FBE9A}.Release|Any CPU.Build.0 = Release|Any CPU
		{850ADE27-9F95-42D4-B827-CD68C07241DE}.Debug|Any CPU.ActiveCfg = Debug|Any CPU
		{850ADE27-9F95-42D4-B827-CD68C07241DE}.Debug|Any CPU.Build.0 = Debug|Any CPU
		{850ADE27-9F95-42D4-B827-CD68C07241DE}.Release|Any CPU.ActiveCfg = Release|Any CPU
		{850ADE27-9F95-42D4-B827-CD68C07241DE}.Release|Any CPU.Build.0 = Release|Any CPU
		{1674DD0E-F567-495C-8B5D-141472B59BD9}.Debug|Any CPU.ActiveCfg = Debug|Any CPU
		{1674DD0E-F567-495C-8B5D-141472B59BD9}.Debug|Any CPU.Build.0 = Debug|Any CPU
		{1674DD0E-F567-495C-8B5D-141472B59BD9}.Release|Any CPU.ActiveCfg = Release|Any CPU
		{1674DD0E-F567-495C-8B5D-141472B59BD9}.Release|Any CPU.Build.0 = Release|Any CPU
		{6F1331A5-A245-4910-BBBF-011B0BB8B7C6}.Debug|Any CPU.ActiveCfg = Debug|Any CPU
		{6F1331A5-A245-4910-BBBF-011B0BB8B7C6}.Debug|Any CPU.Build.0 = Debug|Any CPU
		{6F1331A5-A245-4910-BBBF-011B0BB8B7C6}.Release|Any CPU.ActiveCfg = Release|Any CPU
		{6F1331A5-A245-4910-BBBF-011B0BB8B7C6}.Release|Any CPU.Build.0 = Release|Any CPU
		{1413F7EE-A79E-4F89-AA40-8337757FAFD8}.Debug|Any CPU.ActiveCfg = Debug|Any CPU
		{1413F7EE-A79E-4F89-AA40-8337757FAFD8}.Debug|Any CPU.Build.0 = Debug|Any CPU
		{1413F7EE-A79E-4F89-AA40-8337757FAFD8}.Release|Any CPU.ActiveCfg = Release|Any CPU
		{1413F7EE-A79E-4F89-AA40-8337757FAFD8}.Release|Any CPU.Build.0 = Release|Any CPU
		{713C51F8-AB08-4E43-B3D1-1CCAD2E10799}.Debug|Any CPU.ActiveCfg = Debug|Any CPU
		{713C51F8-AB08-4E43-B3D1-1CCAD2E10799}.Debug|Any CPU.Build.0 = Debug|Any CPU
		{713C51F8-AB08-4E43-B3D1-1CCAD2E10799}.Release|Any CPU.ActiveCfg = Release|Any CPU
		{713C51F8-AB08-4E43-B3D1-1CCAD2E10799}.Release|Any CPU.Build.0 = Release|Any CPU
		{4575F942-2695-4372-BA18-73B931289F85}.Debug|Any CPU.ActiveCfg = Debug|Any CPU
		{4575F942-2695-4372-BA18-73B931289F85}.Debug|Any CPU.Build.0 = Debug|Any CPU
		{4575F942-2695-4372-BA18-73B931289F85}.Release|Any CPU.ActiveCfg = Release|Any CPU
		{4575F942-2695-4372-BA18-73B931289F85}.Release|Any CPU.Build.0 = Release|Any CPU
		{D2A3E49D-C5B9-4499-8292-53706A9A9F08}.Debug|Any CPU.ActiveCfg = Debug|Any CPU
		{D2A3E49D-C5B9-4499-8292-53706A9A9F08}.Debug|Any CPU.Build.0 = Debug|Any CPU
		{D2A3E49D-C5B9-4499-8292-53706A9A9F08}.Release|Any CPU.ActiveCfg = Release|Any CPU
		{D2A3E49D-C5B9-4499-8292-53706A9A9F08}.Release|Any CPU.Build.0 = Release|Any CPU
		{0F4F08AB-5214-4AEC-80D1-5EB78D69CC48}.Debug|Any CPU.ActiveCfg = Debug|Any CPU
		{0F4F08AB-5214-4AEC-80D1-5EB78D69CC48}.Debug|Any CPU.Build.0 = Debug|Any CPU
		{0F4F08AB-5214-4AEC-80D1-5EB78D69CC48}.Release|Any CPU.ActiveCfg = Release|Any CPU
		{0F4F08AB-5214-4AEC-80D1-5EB78D69CC48}.Release|Any CPU.Build.0 = Release|Any CPU
		{053076D1-B712-409D-8747-FD8467DD2413}.Debug|Any CPU.ActiveCfg = Debug|Any CPU
		{053076D1-B712-409D-8747-FD8467DD2413}.Debug|Any CPU.Build.0 = Debug|Any CPU
		{053076D1-B712-409D-8747-FD8467DD2413}.Release|Any CPU.ActiveCfg = Release|Any CPU
		{053076D1-B712-409D-8747-FD8467DD2413}.Release|Any CPU.Build.0 = Release|Any CPU
	EndGlobalSection
	GlobalSection(SolutionProperties) = preSolution
		HideSolutionNode = FALSE
	EndGlobalSection
	GlobalSection(NestedProjects) = preSolution
		{75DD0486-2CA4-41C3-BF57-91E6DF6EF403} = {02EA681E-C7D8-13C7-8484-4AC65E1B71E8}
		{EB4BBA80-718D-4F6E-A83F-9E93616DF601} = {02EA681E-C7D8-13C7-8484-4AC65E1B71E8}
		{D94DCCF8-0954-4DF3-892A-83DED75C55DB} = {02EA681E-C7D8-13C7-8484-4AC65E1B71E8}
		{F998DF12-389A-4587-8525-6D6B27B1CEB3} = {D9DADCD1-1A36-41B4-875B-CE547FB7903A}
		{AEFA723B-BA52-4927-AF87-7D46C8629E06} = {D9DADCD1-1A36-41B4-875B-CE547FB7903A}
		{E7DB7624-F78C-49D3-A764-C3A65B74FC48} = {D9DADCD1-1A36-41B4-875B-CE547FB7903A}
		{E0B08ED6-1AE2-42F1-BBA7-5F7578572A7F} = {6F253C61-78E8-49A0-A101-CDE8C1C4D40C}
		{557FA53A-7BC8-402F-BAC6-A94A0AD6DFD5} = {6F253C61-78E8-49A0-A101-CDE8C1C4D40C}
		{E7504729-F6F7-487F-B0FC-8890C1E5531F} = {6F253C61-78E8-49A0-A101-CDE8C1C4D40C}
		{E013897E-0400-4EDB-B39F-D78092265E17} = {0837A8A9-A10D-4652-9DCC-A7A70D32BCB6}
		{59D68A41-7BE6-4490-BD1B-C9A60F17E208} = {0837A8A9-A10D-4652-9DCC-A7A70D32BCB6}
		{974FE929-3C8A-465B-8A16-9414A8B9BB8B} = {0837A8A9-A10D-4652-9DCC-A7A70D32BCB6}
		{83EA2252-CA30-48D3-B5EB-A61E2FD33B0D} = {B91BAAC6-7E57-4951-8CC3-20E02959BD19}
		{C067212B-8330-4934-88AE-EFA5999077ED} = {B91BAAC6-7E57-4951-8CC3-20E02959BD19}
		{7548ED3B-0F99-4294-9B6F-B961BA8FBE9A} = {B91BAAC6-7E57-4951-8CC3-20E02959BD19}
		{850ADE27-9F95-42D4-B827-CD68C07241DE} = {9D8ED924-5ABD-4771-8D7C-CB5ED1547EB2}
		{1674DD0E-F567-495C-8B5D-141472B59BD9} = {9D8ED924-5ABD-4771-8D7C-CB5ED1547EB2}
		{6F1331A5-A245-4910-BBBF-011B0BB8B7C6} = {9D8ED924-5ABD-4771-8D7C-CB5ED1547EB2}
		{1413F7EE-A79E-4F89-AA40-8337757FAFD8} = {8A3DE618-A184-4270-90E6-05CA87E8763F}
		{713C51F8-AB08-4E43-B3D1-1CCAD2E10799} = {8A3DE618-A184-4270-90E6-05CA87E8763F}
		{4575F942-2695-4372-BA18-73B931289F85} = {8A3DE618-A184-4270-90E6-05CA87E8763F}
		{D2A3E49D-C5B9-4499-8292-53706A9A9F08} = {19A5E399-211F-4D9C-9E2D-F6E61941A9DD}
		{0F4F08AB-5214-4AEC-80D1-5EB78D69CC48} = {19A5E399-211F-4D9C-9E2D-F6E61941A9DD}
		{053076D1-B712-409D-8747-FD8467DD2413} = {19A5E399-211F-4D9C-9E2D-F6E61941A9DD}
	EndGlobalSection
	GlobalSection(ExtensibilityGlobals) = postSolution
		SolutionGuid = {A5D38488-A5CC-4969-AD89-F9FC618E7D2B}
	EndGlobalSection
EndGlobal
